# THIS IS AN AUTOGENERATED FILE. DO NOT EDIT THIS FILE DIRECTLY.
# yarn lockfile v1


solady@^0.0.156:
  version "0.0.156"
  resolved "https://registry.yarnpkg.com/solady/-/solady-0.0.156.tgz#154f98f4486b7fc09f303b946eba7f729ceede99"
  integrity sha512-Xj8fuPLUGXUcADfw5m/+zv3fmTAf4YGhx8U7+e3UmGGQnjly01FLkbD99GwgVUbM73kWnhjIF9OJT7H/WOiN2Q==
